{
  "version": 4,
  "terraform_version": "1.3.9",
  "serial": 18,
  "lineage": "1ad33fa2-af7b-af96-293f-29c807295a8e",
  "outputs": {
    "print_the_names": {
      "value": [
        "user1",
        "user2",
        "user3"
      ],
      "type": [
        "tuple",
        [
          "string",
          "string",
          "string"
        ]
      ]
    }
  },
  "resources": [
    {
      "mode": "managed",
      "type": "aws_iam_user",
      "name": "aws_users",
      "provider": "provider[\"registry.terraform.io/hashicorp/aws\"]",
      "instances": [
        {
          "index_key": 0,
          "schema_version": 0,
          "attributes": {
            "arn": "arn:aws:iam::689424258766:user/user1",
            "force_destroy": false,
            "id": "user1",
            "name": "user1",
            "path": "/",
            "permissions_boundary": null,
            "tags": {},
            "tags_all": {},
            "unique_id": "AIDA2BBHDK3HNPFYSFKGG"
          },
          "sensitive_attributes": [],
          "private": "bnVsbA=="
        },
        {
          "index_key": 1,
          "schema_version": 0,
          "attributes": {
            "arn": "arn:aws:iam::689424258766:user/user2",
            "force_destroy": false,
            "id": "user2",
            "name": "user2",
            "path": "/",
            "permissions_boundary": null,
            "tags": {},
            "tags_all": {},
            "unique_id": "AIDA2BBHDK3HFCXGTGCFP"
          },
          "sensitive_attributes": [],
          "private": "bnVsbA=="
        },
        {
          "index_key": 2,
          "schema_version": 0,
          "attributes": {
            "arn": "arn:aws:iam::689424258766:user/user3",
            "force_destroy": false,
            "id": "user3",
            "name": "user3",
            "path": "/",
            "permissions_boundary": null,
            "tags": {},
            "tags_all": {},
            "unique_id": "AIDA2BBHDK3HBMRGXGEAI"
          },
          "sensitive_attributes": [],
          "private": "bnVsbA=="
        }
      ]
    },
    {
      "mode": "managed",
      "type": "aws_iam_user",
      "name": "example",
      "provider": "provider[\"registry.terraform.io/hashicorp/aws\"]",
      "instances": [
        {
          "index_key": "user-set-1",
          "schema_version": 0,
          "attributes": {
            "arn": "arn:aws:iam::689424258766:user/user-set-1",
            "force_destroy": false,
            "id": "user-set-1",
            "name": "user-set-1",
            "path": "/",
            "permissions_boundary": null,
            "tags": {},
            "tags_all": {},
            "unique_id": "AIDA2BBHDK3HNV5SHVZP5"
          },
          "sensitive_attributes": [],
          "private": "bnVsbA=="
        },
        {
          "index_key": "user-set-2",
          "schema_version": 0,
          "attributes": {
            "arn": "arn:aws:iam::689424258766:user/user-set-2",
            "force_destroy": false,
            "id": "user-set-2",
            "name": "user-set-2",
            "path": "/",
            "permissions_boundary": null,
            "tags": {},
            "tags_all": {},
            "unique_id": "AIDA2BBHDK3HPX7NG24UV"
          },
          "sensitive_attributes": [],
          "private": "bnVsbA=="
        },
        {
          "index_key": "user-set-3",
          "schema_version": 0,
          "attributes": {
            "arn": "arn:aws:iam::689424258766:user/user-set-3",
            "force_destroy": false,
            "id": "user-set-3",
            "name": "user-set-3",
            "path": "/",
            "permissions_boundary": null,
            "tags": {},
            "tags_all": {},
            "unique_id": "AIDA2BBHDK3HNPTT2GMIO"
          },
          "sensitive_attributes": [],
          "private": "bnVsbA=="
        }
      ]
    }
  ],
  "check_results": null
}
